
Microsoft Visual Studio Solution File, Format Version 12.00
# Visual Studio 15
VisualStudioVersion = 15.0.28010.2046
MinimumVisualStudioVersion = 10.0.40219.1
Project("{2150E333-8FDC-42A3-9474-1A3956D46DE8}") = "Mobile.App", "Mobile.App", "{86F6C5D9-F0AA-490F-B50B-1B49300D5DA2}"
EndProject
Project("{FAE04EC0-301F-11D3-BF4B-00C04F79EFBC}") = "Conta.Mobile.Android", "Conta.Mobile\Conta.Mobile.Android\Conta.Mobile.Android.csproj", "{E91CF03B-73A9-4236-B6D2-B4DF5B72EF3A}"
EndProject
Project("{FAE04EC0-301F-11D3-BF4B-00C04F79EFBC}") = "Conta.Mobile.iOS", "Conta.Mobile\Conta.Mobile.iOS\Conta.Mobile.iOS.csproj", "{E2603566-8881-41CB-A92B-2B9B25691B59}"
EndProject
Project("{FAE04EC0-301F-11D3-BF4B-00C04F79EFBC}") = "Conta.Mobile.UWP", "Conta.Mobile\Conta.Mobile.UWP\Conta.Mobile.UWP.csproj", "{0751CD1E-FF53-4405-BAA9-6D82A4755A2D}"
EndProject
Project("{FAE04EC0-301F-11D3-BF4B-00C04F79EFBC}") = "Conta.Mobile", "Conta.Mobile\Conta.Mobile\Conta.Mobile.csproj", "{12DED230-BC6C-464B-8569-F3B648C551E9}"
EndProject
Global
	GlobalSection(SolutionConfigurationPlatforms) = preSolution
		Ad-Hoc|Any CPU = Ad-Hoc|Any CPU
		Ad-Hoc|ARM = Ad-Hoc|ARM
		Ad-Hoc|iPhone = Ad-Hoc|iPhone
		Ad-Hoc|iPhoneSimulator = Ad-Hoc|iPhoneSimulator
		Ad-Hoc|x64 = Ad-Hoc|x64
		Ad-Hoc|x86 = Ad-Hoc|x86
		AppStore|Any CPU = AppStore|Any CPU
		AppStore|ARM = AppStore|ARM
		AppStore|iPhone = AppStore|iPhone
		AppStore|iPhoneSimulator = AppStore|iPhoneSimulator
		AppStore|x64 = AppStore|x64
		AppStore|x86 = AppStore|x86
		Debug|Any CPU = Debug|Any CPU
		Debug|ARM = Debug|ARM
		Debug|iPhone = Debug|iPhone
		Debug|iPhoneSimulator = Debug|iPhoneSimulator
		Debug|x64 = Debug|x64
		Debug|x86 = Debug|x86
		Release|Any CPU = Release|Any CPU
		Release|ARM = Release|ARM
		Release|iPhone = Release|iPhone
		Release|iPhoneSimulator = Release|iPhoneSimulator
		Release|x64 = Release|x64
		Release|x86 = Release|x86
	EndGlobalSection
	GlobalSection(ProjectConfigurationPlatforms) = postSolution
		{E91CF03B-73A9-4236-B6D2-B4DF5B72EF3A}.Ad-Hoc|Any CPU.ActiveCfg = Release|Any CPU
		{E91CF03B-73A9-4236-B6D2-B4DF5B72EF3A}.Ad-Hoc|Any CPU.Build.0 = Release|Any CPU
		{E91CF03B-73A9-4236-B6D2-B4DF5B72EF3A}.Ad-Hoc|Any CPU.Deploy.0 = Release|Any CPU
		{E91CF03B-73A9-4236-B6D2-B4DF5B72EF3A}.Ad-Hoc|ARM.ActiveCfg = Release|Any CPU
		{E91CF03B-73A9-4236-B6D2-B4DF5B72EF3A}.Ad-Hoc|ARM.Build.0 = Release|Any CPU
		{E91CF03B-73A9-4236-B6D2-B4DF5B72EF3A}.Ad-Hoc|ARM.Deploy.0 = Release|Any CPU
		{E91CF03B-73A9-4236-B6D2-B4DF5B72EF3A}.Ad-Hoc|iPhone.ActiveCfg = Release|Any CPU
		{E91CF03B-73A9-4236-B6D2-B4DF5B72EF3A}.Ad-Hoc|iPhone.Build.0 = Release|Any CPU
		{E91CF03B-73A9-4236-B6D2-B4DF5B72EF3A}.Ad-Hoc|iPhone.Deploy.0 = Release|Any CPU
		{E91CF03B-73A9-4236-B6D2-B4DF5B72EF3A}.Ad-Hoc|iPhoneSimulator.ActiveCfg = Release|Any CPU
		{E91CF03B-73A9-4236-B6D2-B4DF5B72EF3A}.Ad-Hoc|iPhoneSimulator.Build.0 = Release|Any CPU
		{E91CF03B-73A9-4236-B6D2-B4DF5B72EF3A}.Ad-Hoc|iPhoneSimulator.Deploy.0 = Release|Any CPU
		{E91CF03B-73A9-4236-B6D2-B4DF5B72EF3A}.Ad-Hoc|x64.ActiveCfg = Release|Any CPU
		{E91CF03B-73A9-4236-B6D2-B4DF5B72EF3A}.Ad-Hoc|x64.Build.0 = Release|Any CPU
		{E91CF03B-73A9-4236-B6D2-B4DF5B72EF3A}.Ad-Hoc|x64.Deploy.0 = Release|Any CPU
		{E91CF03B-73A9-4236-B6D2-B4DF5B72EF3A}.Ad-Hoc|x86.ActiveCfg = Release|Any CPU
		{E91CF03B-73A9-4236-B6D2-B4DF5B72EF3A}.Ad-Hoc|x86.Build.0 = Release|Any CPU
		{E91CF03B-73A9-4236-B6D2-B4DF5B72EF3A}.Ad-Hoc|x86.Deploy.0 = Release|Any CPU
		{E91CF03B-73A9-4236-B6D2-B4DF5B72EF3A}.AppStore|Any CPU.ActiveCfg = Release|Any CPU
		{E91CF03B-73A9-4236-B6D2-B4DF5B72EF3A}.AppStore|Any CPU.Build.0 = Release|Any CPU
		{E91CF03B-73A9-4236-B6D2-B4DF5B72EF3A}.AppStore|Any CPU.Deploy.0 = Release|Any CPU
		{E91CF03B-73A9-4236-B6D2-B4DF5B72EF3A}.AppStore|ARM.ActiveCfg = Release|Any CPU
		{E91CF03B-73A9-4236-B6D2-B4DF5B72EF3A}.AppStore|ARM.Build.0 = Release|Any CPU
		{E91CF03B-73A9-4236-B6D2-B4DF5B72EF3A}.AppStore|ARM.Deploy.0 = Release|Any CPU
		{E91CF03B-73A9-4236-B6D2-B4DF5B72EF3A}.AppStore|iPhone.ActiveCfg = Release|Any CPU
		{E91CF03B-73A9-4236-B6D2-B4DF5B72EF3A}.AppStore|iPhone.Build.0 = Release|Any CPU
		{E91CF03B-73A9-4236-B6D2-B4DF5B72EF3A}.AppStore|iPhone.Deploy.0 = Release|Any CPU
		{E91CF03B-73A9-4236-B6D2-B4DF5B72EF3A}.AppStore|iPhoneSimulator.ActiveCfg = Release|Any CPU
		{E91CF03B-73A9-4236-B6D2-B4DF5B72EF3A}.AppStore|iPhoneSimulator.Build.0 = Release|Any CPU
		{E91CF03B-73A9-4236-B6D2-B4DF5B72EF3A}.AppStore|iPhoneSimulator.Deploy.0 = Release|Any CPU
		{E91CF03B-73A9-4236-B6D2-B4DF5B72EF3A}.AppStore|x64.ActiveCfg = Release|Any CPU
		{E91CF03B-73A9-4236-B6D2-B4DF5B72EF3A}.AppStore|x64.Build.0 = Release|Any CPU
		{E91CF03B-73A9-4236-B6D2-B4DF5B72EF3A}.AppStore|x64.Deploy.0 = Release|Any CPU
		{E91CF03B-73A9-4236-B6D2-B4DF5B72EF3A}.AppStore|x86.ActiveCfg = Release|Any CPU
		{E91CF03B-73A9-4236-B6D2-B4DF5B72EF3A}.AppStore|x86.Build.0 = Release|Any CPU
		{E91CF03B-73A9-4236-B6D2-B4DF5B72EF3A}.AppStore|x86.Deploy.0 = Release|Any CPU
		{E91CF03B-73A9-4236-B6D2-B4DF5B72EF3A}.Debug|Any CPU.ActiveCfg = Debug|Any CPU
		{E91CF03B-73A9-4236-B6D2-B4DF5B72EF3A}.Debug|Any CPU.Build.0 = Debug|Any CPU
		{E91CF03B-73A9-4236-B6D2-B4DF5B72EF3A}.Debug|Any CPU.Deploy.0 = Debug|Any CPU
		{E91CF03B-73A9-4236-B6D2-B4DF5B72EF3A}.Debug|ARM.ActiveCfg = Debug|Any CPU
		{E91CF03B-73A9-4236-B6D2-B4DF5B72EF3A}.Debug|ARM.Build.0 = Debug|Any CPU
		{E91CF03B-73A9-4236-B6D2-B4DF5B72EF3A}.Debug|ARM.Deploy.0 = Debug|Any CPU
		{E91CF03B-73A9-4236-B6D2-B4DF5B72EF3A}.Debug|iPhone.ActiveCfg = Debug|Any CPU
		{E91CF03B-73A9-4236-B6D2-B4DF5B72EF3A}.Debug|iPhone.Build.0 = Debug|Any CPU
		{E91CF03B-73A9-4236-B6D2-B4DF5B72EF3A}.Debug|iPhone.Deploy.0 = Debug|Any CPU
		{E91CF03B-73A9-4236-B6D2-B4DF5B72EF3A}.Debug|iPhoneSimulator.ActiveCfg = Debug|Any CPU
		{E91CF03B-73A9-4236-B6D2-B4DF5B72EF3A}.Debug|iPhoneSimulator.Build.0 = Debug|Any CPU
		{E91CF03B-73A9-4236-B6D2-B4DF5B72EF3A}.Debug|iPhoneSimulator.Deploy.0 = Debug|Any CPU
		{E91CF03B-73A9-4236-B6D2-B4DF5B72EF3A}.Debug|x64.ActiveCfg = Debug|Any CPU
		{E91CF03B-73A9-4236-B6D2-B4DF5B72EF3A}.Debug|x64.Build.0 = Debug|Any CPU
		{E91CF03B-73A9-4236-B6D2-B4DF5B72EF3A}.Debug|x64.Deploy.0 = Debug|Any CPU
		{E91CF03B-73A9-4236-B6D2-B4DF5B72EF3A}.Debug|x86.ActiveCfg = Debug|Any CPU
		{E91CF03B-73A9-4236-B6D2-B4DF5B72EF3A}.Debug|x86.Build.0 = Debug|Any CPU
		{E91CF03B-73A9-4236-B6D2-B4DF5B72EF3A}.Debug|x86.Deploy.0 = Debug|Any CPU
		{E91CF03B-73A9-4236-B6D2-B4DF5B72EF3A}.Release|Any CPU.ActiveCfg = Release|Any CPU
		{E91CF03B-73A9-4236-B6D2-B4DF5B72EF3A}.Release|Any CPU.Build.0 = Release|Any CPU
		{E91CF03B-73A9-4236-B6D2-B4DF5B72EF3A}.Release|Any CPU.Deploy.0 = Release|Any CPU
		{E91CF03B-73A9-4236-B6D2-B4DF5B72EF3A}.Release|ARM.ActiveCfg = Release|Any CPU
		{E91CF03B-73A9-4236-B6D2-B4DF5B72EF3A}.Release|ARM.Build.0 = Release|Any CPU
		{E91CF03B-73A9-4236-B6D2-B4DF5B72EF3A}.Release|ARM.Deploy.0 = Release|Any CPU
		{E91CF03B-73A9-4236-B6D2-B4DF5B72EF3A}.Release|iPhone.ActiveCfg = Release|Any CPU
		{E91CF03B-73A9-4236-B6D2-B4DF5B72EF3A}.Release|iPhone.Build.0 = Release|Any CPU
		{E91CF03B-73A9-4236-B6D2-B4DF5B72EF3A}.Release|iPhone.Deploy.0 = Release|Any CPU
		{E91CF03B-73A9-4236-B6D2-B4DF5B72EF3A}.Release|iPhoneSimulator.ActiveCfg = Release|Any CPU
		{E91CF03B-73A9-4236-B6D2-B4DF5B72EF3A}.Release|iPhoneSimulator.Build.0 = Release|Any CPU
		{E91CF03B-73A9-4236-B6D2-B4DF5B72EF3A}.Release|iPhoneSimulator.Deploy.0 = Release|Any CPU
		{E91CF03B-73A9-4236-B6D2-B4DF5B72EF3A}.Release|x64.ActiveCfg = Release|Any CPU
		{E91CF03B-73A9-4236-B6D2-B4DF5B72EF3A}.Release|x64.Build.0 = Release|Any CPU
		{E91CF03B-73A9-4236-B6D2-B4DF5B72EF3A}.Release|x64.Deploy.0 = Release|Any CPU
		{E91CF03B-73A9-4236-B6D2-B4DF5B72EF3A}.Release|x86.ActiveCfg = Release|Any CPU
		{E91CF03B-73A9-4236-B6D2-B4DF5B72EF3A}.Release|x86.Build.0 = Release|Any CPU
		{E91CF03B-73A9-4236-B6D2-B4DF5B72EF3A}.Release|x86.Deploy.0 = Release|Any CPU
		{E2603566-8881-41CB-A92B-2B9B25691B59}.Ad-Hoc|Any CPU.ActiveCfg = Ad-Hoc|iPhone
		{E2603566-8881-41CB-A92B-2B9B25691B59}.Ad-Hoc|ARM.ActiveCfg = Ad-Hoc|iPhone
		{E2603566-8881-41CB-A92B-2B9B25691B59}.Ad-Hoc|iPhone.ActiveCfg = Ad-Hoc|iPhone
		{E2603566-8881-41CB-A92B-2B9B25691B59}.Ad-Hoc|iPhone.Build.0 = Ad-Hoc|iPhone
		{E2603566-8881-41CB-A92B-2B9B25691B59}.Ad-Hoc|iPhoneSimulator.ActiveCfg = Ad-Hoc|iPhoneSimulator
		{E2603566-8881-41CB-A92B-2B9B25691B59}.Ad-Hoc|iPhoneSimulator.Build.0 = Ad-Hoc|iPhoneSimulator
		{E2603566-8881-41CB-A92B-2B9B25691B59}.Ad-Hoc|x64.ActiveCfg = Ad-Hoc|iPhone
		{E2603566-8881-41CB-A92B-2B9B25691B59}.Ad-Hoc|x86.ActiveCfg = Ad-Hoc|iPhone
		{E2603566-8881-41CB-A92B-2B9B25691B59}.AppStore|Any CPU.ActiveCfg = AppStore|iPhone
		{E2603566-8881-41CB-A92B-2B9B25691B59}.AppStore|ARM.ActiveCfg = AppStore|iPhone
		{E2603566-8881-41CB-A92B-2B9B25691B59}.AppStore|iPhone.ActiveCfg = AppStore|iPhone
		{E2603566-8881-41CB-A92B-2B9B25691B59}.AppStore|iPhone.Build.0 = AppStore|iPhone
		{E2603566-8881-41CB-A92B-2B9B25691B59}.AppStore|iPhoneSimulator.ActiveCfg = AppStore|iPhoneSimulator
		{E2603566-8881-41CB-A92B-2B9B25691B59}.AppStore|iPhoneSimulator.Build.0 = AppStore|iPhoneSimulator
		{E2603566-8881-41CB-A92B-2B9B25691B59}.AppStore|x64.ActiveCfg = AppStore|iPhone
		{E2603566-8881-41CB-A92B-2B9B25691B59}.AppStore|x86.ActiveCfg = AppStore|iPhone
		{E2603566-8881-41CB-A92B-2B9B25691B59}.Debug|Any CPU.ActiveCfg = Debug|iPhone
		{E2603566-8881-41CB-A92B-2B9B25691B59}.Debug|ARM.ActiveCfg = Debug|iPhone
		{E2603566-8881-41CB-A92B-2B9B25691B59}.Debug|iPhone.ActiveCfg = Debug|iPhone
		{E2603566-8881-41CB-A92B-2B9B25691B59}.Debug|iPhone.Build.0 = Debug|iPhone
		{E2603566-8881-41CB-A92B-2B9B25691B59}.Debug|iPhoneSimulator.ActiveCfg = Debug|iPhoneSimulator
		{E2603566-8881-41CB-A92B-2B9B25691B59}.Debug|iPhoneSimulator.Build.0 = Debug|iPhoneSimulator
		{E2603566-8881-41CB-A92B-2B9B25691B59}.Debug|x64.ActiveCfg = Debug|iPhone
		{E2603566-8881-41CB-A92B-2B9B25691B59}.Debug|x86.ActiveCfg = Debug|iPhone
		{E2603566-8881-41CB-A92B-2B9B25691B59}.Release|Any CPU.ActiveCfg = Release|iPhone
		{E2603566-8881-41CB-A92B-2B9B25691B59}.Release|ARM.ActiveCfg = Release|iPhone
		{E2603566-8881-41CB-A92B-2B9B25691B59}.Release|iPhone.ActiveCfg = Release|iPhone
		{E2603566-8881-41CB-A92B-2B9B25691B59}.Release|iPhone.Build.0 = Release|iPhone
		{E2603566-8881-41CB-A92B-2B9B25691B59}.Release|iPhoneSimulator.ActiveCfg = Release|iPhoneSimulator
		{E2603566-8881-41CB-A92B-2B9B25691B59}.Release|iPhoneSimulator.Build.0 = Release|iPhoneSimulator
		{E2603566-8881-41CB-A92B-2B9B25691B59}.Release|x64.ActiveCfg = Release|iPhone
		{E2603566-8881-41CB-A92B-2B9B25691B59}.Release|x86.ActiveCfg = Release|iPhone
		{0751CD1E-FF53-4405-BAA9-6D82A4755A2D}.Ad-Hoc|Any CPU.ActiveCfg = Release|x86
		{0751CD1E-FF53-4405-BAA9-6D82A4755A2D}.Ad-Hoc|Any CPU.Build.0 = Release|x86
		{0751CD1E-FF53-4405-BAA9-6D82A4755A2D}.Ad-Hoc|Any CPU.Deploy.0 = Release|x86
		{0751CD1E-FF53-4405-BAA9-6D82A4755A2D}.Ad-Hoc|ARM.ActiveCfg = Release|ARM
		{0751CD1E-FF53-4405-BAA9-6D82A4755A2D}.Ad-Hoc|ARM.Build.0 = Release|ARM
		{0751CD1E-FF53-4405-BAA9-6D82A4755A2D}.Ad-Hoc|ARM.Deploy.0 = Release|ARM
		{0751CD1E-FF53-4405-BAA9-6D82A4755A2D}.Ad-Hoc|iPhone.ActiveCfg = Release|x86
		{0751CD1E-FF53-4405-BAA9-6D82A4755A2D}.Ad-Hoc|iPhone.Build.0 = Release|x86
		{0751CD1E-FF53-4405-BAA9-6D82A4755A2D}.Ad-Hoc|iPhone.Deploy.0 = Release|x86
		{0751CD1E-FF53-4405-BAA9-6D82A4755A2D}.Ad-Hoc|iPhoneSimulator.ActiveCfg = Release|x86
		{0751CD1E-FF53-4405-BAA9-6D82A4755A2D}.Ad-Hoc|iPhoneSimulator.Build.0 = Release|x86
		{0751CD1E-FF53-4405-BAA9-6D82A4755A2D}.Ad-Hoc|iPhoneSimulator.Deploy.0 = Release|x86
		{0751CD1E-FF53-4405-BAA9-6D82A4755A2D}.Ad-Hoc|x64.ActiveCfg = Release|x64
		{0751CD1E-FF53-4405-BAA9-6D82A4755A2D}.Ad-Hoc|x64.Build.0 = Release|x64
		{0751CD1E-FF53-4405-BAA9-6D82A4755A2D}.Ad-Hoc|x64.Deploy.0 = Release|x64
		{0751CD1E-FF53-4405-BAA9-6D82A4755A2D}.Ad-Hoc|x86.ActiveCfg = Release|x86
		{0751CD1E-FF53-4405-BAA9-6D82A4755A2D}.Ad-Hoc|x86.Build.0 = Release|x86
		{0751CD1E-FF53-4405-BAA9-6D82A4755A2D}.Ad-Hoc|x86.Deploy.0 = Release|x86
		{0751CD1E-FF53-4405-BAA9-6D82A4755A2D}.AppStore|Any CPU.ActiveCfg = Release|x86
		{0751CD1E-FF53-4405-BAA9-6D82A4755A2D}.AppStore|Any CPU.Build.0 = Release|x86
		{0751CD1E-FF53-4405-BAA9-6D82A4755A2D}.AppStore|Any CPU.Deploy.0 = Release|x86
		{0751CD1E-FF53-4405-BAA9-6D82A4755A2D}.AppStore|ARM.ActiveCfg = Release|ARM
		{0751CD1E-FF53-4405-BAA9-6D82A4755A2D}.AppStore|ARM.Build.0 = Release|ARM
		{0751CD1E-FF53-4405-BAA9-6D82A4755A2D}.AppStore|ARM.Deploy.0 = Release|ARM
		{0751CD1E-FF53-4405-BAA9-6D82A4755A2D}.AppStore|iPhone.ActiveCfg = Release|x86
		{0751CD1E-FF53-4405-BAA9-6D82A4755A2D}.AppStore|iPhone.Build.0 = Release|x86
		{0751CD1E-FF53-4405-BAA9-6D82A4755A2D}.AppStore|iPhone.Deploy.0 = Release|x86
		{0751CD1E-FF53-4405-BAA9-6D82A4755A2D}.AppStore|iPhoneSimulator.ActiveCfg = Release|x86
		{0751CD1E-FF53-4405-BAA9-6D82A4755A2D}.AppStore|iPhoneSimulator.Build.0 = Release|x86
		{0751CD1E-FF53-4405-BAA9-6D82A4755A2D}.AppStore|iPhoneSimulator.Deploy.0 = Release|x86
		{0751CD1E-FF53-4405-BAA9-6D82A4755A2D}.AppStore|x64.ActiveCfg = Release|x64
		{0751CD1E-FF53-4405-BAA9-6D82A4755A2D}.AppStore|x64.Build.0 = Release|x64
		{0751CD1E-FF53-4405-BAA9-6D82A4755A2D}.AppStore|x64.Deploy.0 = Release|x64
		{0751CD1E-FF53-4405-BAA9-6D82A4755A2D}.AppStore|x86.ActiveCfg = Release|x86
		{0751CD1E-FF53-4405-BAA9-6D82A4755A2D}.AppStore|x86.Build.0 = Release|x86
		{0751CD1E-FF53-4405-BAA9-6D82A4755A2D}.AppStore|x86.Deploy.0 = Release|x86
		{0751CD1E-FF53-4405-BAA9-6D82A4755A2D}.Debug|Any CPU.ActiveCfg = Debug|x86
		{0751CD1E-FF53-4405-BAA9-6D82A4755A2D}.Debug|ARM.ActiveCfg = Debug|ARM
		{0751CD1E-FF53-4405-BAA9-6D82A4755A2D}.Debug|ARM.Build.0 = Debug|ARM
		{0751CD1E-FF53-4405-BAA9-6D82A4755A2D}.Debug|ARM.Deploy.0 = Debug|ARM
		{0751CD1E-FF53-4405-BAA9-6D82A4755A2D}.Debug|iPhone.ActiveCfg = Debug|x86
		{0751CD1E-FF53-4405-BAA9-6D82A4755A2D}.Debug|iPhoneSimulator.ActiveCfg = Debug|x86
		{0751CD1E-FF53-4405-BAA9-6D82A4755A2D}.Debug|x64.ActiveCfg = Debug|x64
		{0751CD1E-FF53-4405-BAA9-6D82A4755A2D}.Debug|x64.Build.0 = Debug|x64
		{0751CD1E-FF53-4405-BAA9-6D82A4755A2D}.Debug|x64.Deploy.0 = Debug|x64
		{0751CD1E-FF53-4405-BAA9-6D82A4755A2D}.Debug|x86.ActiveCfg = Debug|x86
		{0751CD1E-FF53-4405-BAA9-6D82A4755A2D}.Debug|x86.Build.0 = Debug|x86
		{0751CD1E-FF53-4405-BAA9-6D82A4755A2D}.Debug|x86.Deploy.0 = Debug|x86
		{0751CD1E-FF53-4405-BAA9-6D82A4755A2D}.Release|Any CPU.ActiveCfg = Release|x86
		{0751CD1E-FF53-4405-BAA9-6D82A4755A2D}.Release|ARM.ActiveCfg = Release|ARM
		{0751CD1E-FF53-4405-BAA9-6D82A4755A2D}.Release|ARM.Build.0 = Release|ARM
		{0751CD1E-FF53-4405-BAA9-6D82A4755A2D}.Release|ARM.Deploy.0 = Release|ARM
		{0751CD1E-FF53-4405-BAA9-6D82A4755A2D}.Release|iPhone.ActiveCfg = Release|x86
		{0751CD1E-FF53-4405-BAA9-6D82A4755A2D}.Release|iPhoneSimulator.ActiveCfg = Release|x86
		{0751CD1E-FF53-4405-BAA9-6D82A4755A2D}.Release|x64.ActiveCfg = Release|x64
		{0751CD1E-FF53-4405-BAA9-6D82A4755A2D}.Release|x64.Build.0 = Release|x64
		{0751CD1E-FF53-4405-BAA9-6D82A4755A2D}.Release|x64.Deploy.0 = Release|x64
		{0751CD1E-FF53-4405-BAA9-6D82A4755A2D}.Release|x86.ActiveCfg = Release|x86
		{0751CD1E-FF53-4405-BAA9-6D82A4755A2D}.Release|x86.Build.0 = Release|x86
		{0751CD1E-FF53-4405-BAA9-6D82A4755A2D}.Release|x86.Deploy.0 = Release|x86
		{12DED230-BC6C-464B-8569-F3B648C551E9}.Ad-Hoc|Any CPU.ActiveCfg = Debug|Any CPU
		{12DED230-BC6C-464B-8569-F3B648C551E9}.Ad-Hoc|Any CPU.Build.0 = Debug|Any CPU
		{12DED230-BC6C-464B-8569-F3B648C551E9}.Ad-Hoc|ARM.ActiveCfg = Debug|Any CPU
		{12DED230-BC6C-464B-8569-F3B648C551E9}.Ad-Hoc|ARM.Build.0 = Debug|Any CPU
		{12DED230-BC6C-464B-8569-F3B648C551E9}.Ad-Hoc|iPhone.ActiveCfg = Debug|Any CPU
		{12DED230-BC6C-464B-8569-F3B648C551E9}.Ad-Hoc|iPhone.Build.0 = Debug|Any CPU
		{12DED230-BC6C-464B-8569-F3B648C551E9}.Ad-Hoc|iPhoneSimulator.ActiveCfg = Debug|Any CPU
		{12DED230-BC6C-464B-8569-F3B648C551E9}.Ad-Hoc|iPhoneSimulator.Build.0 = Debug|Any CPU
		{12DED230-BC6C-464B-8569-F3B648C551E9}.Ad-Hoc|x64.ActiveCfg = Debug|Any CPU
		{12DED230-BC6C-464B-8569-F3B648C551E9}.Ad-Hoc|x64.Build.0 = Debug|Any CPU
		{12DED230-BC6C-464B-8569-F3B648C551E9}.Ad-Hoc|x86.ActiveCfg = Debug|Any CPU
		{12DED230-BC6C-464B-8569-F3B648C551E9}.Ad-Hoc|x86.Build.0 = Debug|Any CPU
		{12DED230-BC6C-464B-8569-F3B648C551E9}.AppStore|Any CPU.ActiveCfg = Debug|Any CPU
		{12DED230-BC6C-464B-8569-F3B648C551E9}.AppStore|Any CPU.Build.0 = Debug|Any CPU
		{12DED230-BC6C-464B-8569-F3B648C551E9}.AppStore|ARM.ActiveCfg = Debug|Any CPU
		{12DED230-BC6C-464B-8569-F3B648C551E9}.AppStore|ARM.Build.0 = Debug|Any CPU
		{12DED230-BC6C-464B-8569-F3B648C551E9}.AppStore|iPhone.ActiveCfg = Debug|Any CPU
		{12DED230-BC6C-464B-8569-F3B648C551E9}.AppStore|iPhone.Build.0 = Debug|Any CPU
		{12DED230-BC6C-464B-8569-F3B648C551E9}.AppStore|iPhoneSimulator.ActiveCfg = Debug|Any CPU
		{12DED230-BC6C-464B-8569-F3B648C551E9}.AppStore|iPhoneSimulator.Build.0 = Debug|Any CPU
		{12DED230-BC6C-464B-8569-F3B648C551E9}.AppStore|x64.ActiveCfg = Debug|Any CPU
		{12DED230-BC6C-464B-8569-F3B648C551E9}.AppStore|x64.Build.0 = Debug|Any CPU
		{12DED230-BC6C-464B-8569-F3B648C551E9}.AppStore|x86.ActiveCfg = Debug|Any CPU
		{12DED230-BC6C-464B-8569-F3B648C551E9}.AppStore|x86.Build.0 = Debug|Any CPU
		{12DED230-BC6C-464B-8569-F3B648C551E9}.Debug|Any CPU.ActiveCfg = Debug|Any CPU
		{12DED230-BC6C-464B-8569-F3B648C551E9}.Debug|Any CPU.Build.0 = Debug|Any CPU
		{12DED230-BC6C-464B-8569-F3B648C551E9}.Debug|ARM.ActiveCfg = Debug|Any CPU
		{12DED230-BC6C-464B-8569-F3B648C551E9}.Debug|ARM.Build.0 = Debug|Any CPU
		{12DED230-BC6C-464B-8569-F3B648C551E9}.Debug|iPhone.ActiveCfg = Debug|Any CPU
		{12DED230-BC6C-464B-8569-F3B648C551E9}.Debug|iPhone.Build.0 = Debug|Any CPU
		{12DED230-BC6C-464B-8569-F3B648C551E9}.Debug|iPhoneSimulator.ActiveCfg = Debug|Any CPU
		{12DED230-BC6C-464B-8569-F3B648C551E9}.Debug|iPhoneSimulator.Build.0 = Debug|Any CPU
		{12DED230-BC6C-464B-8569-F3B648C551E9}.Debug|x64.ActiveCfg = Debug|Any CPU
		{12DED230-BC6C-464B-8569-F3B648C551E9}.Debug|x64.Build.0 = Debug|Any CPU
		{12DED230-BC6C-464B-8569-F3B648C551E9}.Debug|x86.ActiveCfg = Debug|Any CPU
		{12DED230-BC6C-464B-8569-F3B648C551E9}.Debug|x86.Build.0 = Debug|Any CPU
		{12DED230-BC6C-464B-8569-F3B648C551E9}.Release|Any CPU.ActiveCfg = Release|Any CPU
		{12DED230-BC6C-464B-8569-F3B648C551E9}.Release|Any CPU.Build.0 = Release|Any CPU
		{12DED230-BC6C-464B-8569-F3B648C551E9}.Release|ARM.ActiveCfg = Release|Any CPU
		{12DED230-BC6C-464B-8569-F3B648C551E9}.Release|ARM.Build.0 = Release|Any CPU
		{12DED230-BC6C-464B-8569-F3B648C551E9}.Release|iPhone.ActiveCfg = Release|Any CPU
		{12DED230-BC6C-464B-8569-F3B648C551E9}.Release|iPhone.Build.0 = Release|Any CPU
		{12DED230-BC6C-464B-8569-F3B648C551E9}.Release|iPhoneSimulator.ActiveCfg = Release|Any CPU
		{12DED230-BC6C-464B-8569-F3B648C551E9}.Release|iPhoneSimulator.Build.0 = Release|Any CPU
		{12DED230-BC6C-464B-8569-F3B648C551E9}.Release|x64.ActiveCfg = Release|Any CPU
		{12DED230-BC6C-464B-8569-F3B648C551E9}.Release|x64.Build.0 = Release|Any CPU
		{12DED230-BC6C-464B-8569-F3B648C551E9}.Release|x86.ActiveCfg = Release|Any CPU
		{12DED230-BC6C-464B-8569-F3B648C551E9}.Release|x86.Build.0 = Release|Any CPU
	EndGlobalSection
	GlobalSection(SolutionProperties) = preSolution
		HideSolutionNode = FALSE
	EndGlobalSection
	GlobalSection(NestedProjects) = preSolution
		{E91CF03B-73A9-4236-B6D2-B4DF5B72EF3A} = {86F6C5D9-F0AA-490F-B50B-1B49300D5DA2}
		{E2603566-8881-41CB-A92B-2B9B25691B59} = {86F6C5D9-F0AA-490F-B50B-1B49300D5DA2}
		{0751CD1E-FF53-4405-BAA9-6D82A4755A2D} = {86F6C5D9-F0AA-490F-B50B-1B49300D5DA2}
		{12DED230-BC6C-464B-8569-F3B648C551E9} = {86F6C5D9-F0AA-490F-B50B-1B49300D5DA2}
	EndGlobalSection
	GlobalSection(ExtensibilityGlobals) = postSolution
		SolutionGuid = {29D20D3F-B346-415B-89B2-C3A351AE7F1E}
	EndGlobalSection
EndGlobal
